
Microsoft Visual Studio Solution File, Format Version 12.00
# Visual Studio 15
VisualStudioVersion = 15.0.26730.16
MinimumVisualStudioVersion = 10.0.40219.1
Project("{FAE04EC0-301F-11D3-BF4B-00C04F79EFBC}") = "X-FIFA Fantasy Cup", "X-FIFA Fantasy Cup\X-FIFA Fantasy Cup.csproj", "{0E41B374-F0F4-48A3-AF53-7C511AF6BFA6}"
EndProject
Project("{FAE04EC0-301F-11D3-BF4B-00C04F79EFBC}") = "X-FIFA Fantasy CupTests", "X-FIFA Fantasy CupTests\X-FIFA Fantasy CupTests.csproj", "{BBC10995-498A-451D-B82B-1084B694AA7D}"
EndProject
Global
	GlobalSection(SolutionConfigurationPlatforms) = preSolution
		Debug|Any CPU = Debug|Any CPU
		Release|Any CPU = Release|Any CPU
	EndGlobalSection
	GlobalSection(ProjectConfigurationPlatforms) = postSolution
		{0E41B374-F0F4-48A3-AF53-7C511AF6BFA6}.Debug|Any CPU.ActiveCfg = Debug|Any CPU
		{0E41B374-F0F4-48A3-AF53-7C511AF6BFA6}.Debug|Any CPU.Build.0 = Debug|Any CPU
		{0E41B374-F0F4-48A3-AF53-7C511AF6BFA6}.Release|Any CPU.ActiveCfg = Release|Any CPU
		{0E41B374-F0F4-48A3-AF53-7C511AF6BFA6}.Release|Any CPU.Build.0 = Release|Any CPU
		{BBC10995-498A-451D-B82B-1084B694AA7D}.Debug|Any CPU.ActiveCfg = Debug|Any CPU
		{BBC10995-498A-451D-B82B-1084B694AA7D}.Debug|Any CPU.Build.0 = Debug|Any CPU
		{BBC10995-498A-451D-B82B-1084B694AA7D}.Release|Any CPU.ActiveCfg = Release|Any CPU
		{BBC10995-498A-451D-B82B-1084B694AA7D}.Release|Any CPU.Build.0 = Release|Any CPU
	EndGlobalSection
	GlobalSection(SolutionProperties) = preSolution
		HideSolutionNode = FALSE
	EndGlobalSection
	GlobalSection(ExtensibilityGlobals) = postSolution
		SolutionGuid = {C24053E8-C79C-432F-A57A-719C09BAEEAB}
	EndGlobalSection
EndGlobal
